{
  "nodes": {
    "cs140e": {
      "flake": false,
      "locked": {
        "lastModified": 1743550368,
        "narHash": "sha256-yVN8+yobQdfEW4L7wDXTrhEkFqo/sm/x+iNf30kyFrg=",
        "owner": "dddrrreee",
        "repo": "cs140e-25win",
        "rev": "db702597d084629671f272b0d0b6d7f54a77c609",
        "type": "github"
      },
      "original": {
        "owner": "dddrrreee",
        "repo": "cs140e-25win",
        "type": "github"
      }
    },
    "nixos-on-arm": {
      "flake": false,
      "locked": {
        "lastModified": 1780435324,
        "narHash": "sha256-BjH98b88HVz3FIRIjkL/LjLy8W4j0i4za2wlhOEeXzI=",
        "owner": "ProjectInitiative",
        "repo": "nixos-on-arm",
        "rev": "618abb1a767df1c41d5e59fc9e1988cb4239b33b",
        "type": "github"
      },
      "original": {
        "owner": "ProjectInitiative",
        "repo": "nixos-on-arm",
        "type": "github"
      }
    },
    "nixpkgs": {
      "locked": {
        "lastModified": 1784280462,
        "narHash": "sha256-DtoqIqM7VkR6NxAkcLpMwmi02USwWb3JdmNGLyhthc0=",
        "owner": "NixOS",
        "repo": "nixpkgs",
        "rev": "293d6abedf0478e681a4dfcfcb35b30fc796a32f",
        "type": "github"
      },
      "original": {
        "id": "nixpkgs",
        "type": "indirect"
      }
    },
    "root": {
      "inputs": {
        "cs140e": "cs140e",
        "nixos-on-arm": "nixos-on-arm",
        "nixpkgs": "nixpkgs"
      }
    }
  },
  "root": "root",
  "version": 7
}
